{
  "name": "ote-vietnam-information-site",
  "lockfileVersion": 3,
  "requires": true,
  "packages": {
    "": {
      "name": "ote-vietnam-information-site",
      "dependencies": {
        "dotenv": "^18.0.1",
        "postgres": "^3.4.9"
      }
    },
    "node_modules/dotenv": {
      "version": "18.0.1",
      "resolved": "https://registry.npmjs.org/dotenv/-/dotenv-18.0.1.tgz",
      "integrity": "sha512-0eR4m4D/jH5eaI3evo2ZqqMii5mrTCR12v12VChdie6O1gPHs7XAjzTep0CWc1Bd+oNx3vVfbi734dK4zghigw==",
      "license": "BSD-2-Clause",
      "bin": {
        "dotenv": "dist/index.cjs"
      },
      "engines": {
        "node": ">=12"
      },
      "funding": {
        "url": "https://dotenvx.com"
      }
    },
    "node_modules/postgres": {
      "version": "3.4.9",
      "resolved": "https://registry.npmjs.org/postgres/-/postgres-3.4.9.tgz",
      "integrity": "sha512-GD3qdB0x1z9xgFI6cdRD6xu2Sp2WCOEoe3mtnyB5Ee0XrrL5Pe+e4CCnJrRMnL1zYtRDZmQQVbvOttLnKDLnaw==",
      "license": "Unlicense",
      "engines": {
        "node": ">=12"
      },
      "funding": {
        "type": "individual",
        "url": "https://github.com/sponsors/porsager"
      }
    }
  }
}
